
Microsoft Visual Studio Solution File, Format Version 12.00
# Visual Studio Version 16
VisualStudioVersion = 16.0.30804.86
MinimumVisualStudioVersion = 10.0.40219.1
Project("{FAE04EC0-301F-11D3-BF4B-00C04F79EFBC}") = "cadastropessoa", "cadastropessoa.csproj", "{A6311FF7-6D95-4098-B115-475A73281708}"
EndProject
Global
	GlobalSection(SolutionConfigurationPlatforms) = preSolution
		Debug|Any CPU = Debug|Any CPU
		Release|Any CPU = Release|Any CPU
	EndGlobalSection
	GlobalSection(ProjectConfigurationPlatforms) = postSolution
		{A6311FF7-6D95-4098-B115-475A73281708}.Debug|Any CPU.ActiveCfg = Debug|Any CPU
		{A6311FF7-6D95-4098-B115-475A73281708}.Debug|Any CPU.Build.0 = Debug|Any CPU
		{A6311FF7-6D95-4098-B115-475A73281708}.Release|Any CPU.ActiveCfg = Release|Any CPU
		{A6311FF7-6D95-4098-B115-475A73281708}.Release|Any CPU.Build.0 = Release|Any CPU
	EndGlobalSection
	GlobalSection(SolutionProperties) = preSolution
		HideSolutionNode = FALSE
	EndGlobalSection
	GlobalSection(ExtensibilityGlobals) = postSolution
		SolutionGuid = {3A67E1DF-D9BE-4F20-BF13-13A38528F819}
	EndGlobalSection
EndGlobal
